
Microsoft Visual Studio Solution File, Format Version 12.00
# Visual Studio Version 17
VisualStudioVersion = 17.0.31903.59
MinimumVisualStudioVersion = 10.0.40219.1
Project("{FAE04EC0-301F-11D3-BF4B-00C04F79EFBC}") = "Mango.MessageBus", "Mango.MessageBus\Mango.MessageBus.csproj", "{490E1DB3-FF7A-43E2-8CB3-92D122677BFD}"
EndProject
Global
	GlobalSection(SolutionConfigurationPlatforms) = preSolution
		Debug|Any CPU = Debug|Any CPU
		Release|Any CPU = Release|Any CPU
	EndGlobalSection
	GlobalSection(SolutionProperties) = preSolution
		HideSolutionNode = FALSE
	EndGlobalSection
	GlobalSection(ProjectConfigurationPlatforms) = postSolution
		{490E1DB3-FF7A-43E2-8CB3-92D122677BFD}.Debug|Any CPU.ActiveCfg = Debug|Any CPU
		{490E1DB3-FF7A-43E2-8CB3-92D122677BFD}.Debug|Any CPU.Build.0 = Debug|Any CPU
		{490E1DB3-FF7A-43E2-8CB3-92D122677BFD}.Release|Any CPU.ActiveCfg = Release|Any CPU
		{490E1DB3-FF7A-43E2-8CB3-92D122677BFD}.Release|Any CPU.Build.0 = Release|Any CPU
	EndGlobalSection
EndGlobal
